
Microsoft Visual Studio Solution File, Format Version 12.00
# Visual Studio 15
VisualStudioVersion = 15.0.27428.2037
MinimumVisualStudioVersion = 10.0.40219.1
Project("{A07B5EB6-E848-4116-A8D0-A826331D98C6}") = "PoolManager", "PoolManager\PoolManager.sfproj", "{1D27EFC4-0306-4D25-A881-E217619C93B7}"
EndProject
Project("{FAE04EC0-301F-11D3-BF4B-00C04F79EFBC}") = "PoolManager.Pools", "PoolManager.Pools\PoolManager.Pools.csproj", "{C180D0AD-27BA-4EF4-A723-EF8EC7CEF84A}"
EndProject
Project("{FAE04EC0-301F-11D3-BF4B-00C04F79EFBC}") = "PoolManager.Instances", "PoolManager.Instances\PoolManager.Instances.csproj", "{43F5C31A-D7E5-4CA4-9A7A-85366181BAEA}"
EndProject
Project("{FAE04EC0-301F-11D3-BF4B-00C04F79EFBC}") = "PoolManager.SDK", "PoolManager.SDK\PoolManager.SDK.csproj", "{D7435252-F5FD-4200-A483-9D69A7F2ED85}"
EndProject
Project("{FAE04EC0-301F-11D3-BF4B-00C04F79EFBC}") = "PoolManager.Terminal", "PoolManager.Terminal\PoolManager.Terminal.csproj", "{E7D906A4-615E-428D-8914-11654C142048}"
EndProject
Project("{FAE04EC0-301F-11D3-BF4B-00C04F79EFBC}") = "PoolManager.Core", "PoolManager.Core\PoolManager.Core.csproj", "{82ACED8A-4579-49C9-9E64-D7E380AD18F4}"
EndProject
Project("{A07B5EB6-E848-4116-A8D0-A826331D98C6}") = "PoolManager.Tests", "PoolManager.Tests\PoolManager.Tests.sfproj", "{8291CA69-453A-4ABB-8291-B5625401F40B}"
EndProject
Project("{FAE04EC0-301F-11D3-BF4B-00C04F79EFBC}") = "PoolManager.Tests.NoOp", "PoolManager.Tests.NoOp\PoolManager.Tests.NoOp.csproj", "{92C98F59-F0AE-47EC-9A5D-9FA74151107C}"
EndProject
Project("{FAE04EC0-301F-11D3-BF4B-00C04F79EFBC}") = "PoolManager.IntegrationTests", "PoolManager.IntegrationTests\PoolManager.IntegrationTests.csproj", "{E9D04F52-A8CB-45F0-81E5-412950C81F55}"
EndProject
Project("{FAE04EC0-301F-11D3-BF4B-00C04F79EFBC}") = "PoolManager.UnitTests", "PoolManager.UnitTests\PoolManager.UnitTests.csproj", "{0009D41A-532B-434E-8F4A-B914377AB400}"
EndProject
Project("{FAE04EC0-301F-11D3-BF4B-00C04F79EFBC}") = "PoolManager.Deploy", "PoolManager.Deploy\PoolManager.Deploy.csproj", "{D4CE4A69-21F7-466A-A51F-111DD0FDD3E3}"
EndProject
Project("{FAE04EC0-301F-11D3-BF4B-00C04F79EFBC}") = "PoolManager.Core.Tests", "PoolManager.Core.Tests\PoolManager.Core.Tests.csproj", "{E80DBE77-379D-4F71-BD67-4CD7ADEA4214}"
EndProject
Project("{2150E333-8FDC-42A3-9474-1A3956D46DE8}") = "Tests", "Tests", "{B7C00AA5-1F76-4EA1-873C-49F01172DACB}"
EndProject
Project("{2150E333-8FDC-42A3-9474-1A3956D46DE8}") = "Deploy", "Deploy", "{04AF4AF1-37FC-4680-9C6C-6340A6F64657}"
EndProject
Project("{2150E333-8FDC-42A3-9474-1A3956D46DE8}") = "_Core", "_Core", "{7B128E86-D65B-41FB-8E7E-0ED9DCCFD17A}"
EndProject
Project("{FAE04EC0-301F-11D3-BF4B-00C04F79EFBC}") = "PoolManager.Partitions", "PoolManager.Partitions\PoolManager.Partitions.csproj", "{579286D7-D65B-4949-9F09-A120718AECB4}"
EndProject
Project("{FAE04EC0-301F-11D3-BF4B-00C04F79EFBC}") = "PoolManager.Domains.Pools", "PoolManager.Domains.Pools\PoolManager.Domains.Pools.csproj", "{8E213191-2923-4652-A393-DD20D2D4759B}"
EndProject
Project("{FAE04EC0-301F-11D3-BF4B-00C04F79EFBC}") = "PoolManager.Core.Mediators", "PoolManager.Core.Mediators\PoolManager.Core.Mediators.csproj", "{6654A45A-A0AA-4EBC-9C42-6C143DE56A3D}"
EndProject
Project("{FAE04EC0-301F-11D3-BF4B-00C04F79EFBC}") = "PoolManager.Core.ApplicationInsights", "PoolManager.Core.ApplicationInsights\PoolManager.Core.ApplicationInsights.csproj", "{FBA1D507-C412-407F-91A6-C8839A241007}"
EndProject
Global
	GlobalSection(SolutionConfigurationPlatforms) = preSolution
		Debug|Any CPU = Debug|Any CPU
		Debug|x64 = Debug|x64
		Release|Any CPU = Release|Any CPU
		Release|x64 = Release|x64
	EndGlobalSection
	GlobalSection(ProjectConfigurationPlatforms) = postSolution
		{1D27EFC4-0306-4D25-A881-E217619C93B7}.Debug|Any CPU.ActiveCfg = Debug|x64
		{1D27EFC4-0306-4D25-A881-E217619C93B7}.Debug|x64.ActiveCfg = Debug|x64
		{1D27EFC4-0306-4D25-A881-E217619C93B7}.Debug|x64.Build.0 = Debug|x64
		{1D27EFC4-0306-4D25-A881-E217619C93B7}.Debug|x64.Deploy.0 = Debug|x64
		{1D27EFC4-0306-4D25-A881-E217619C93B7}.Release|Any CPU.ActiveCfg = Release|x64
		{1D27EFC4-0306-4D25-A881-E217619C93B7}.Release|x64.ActiveCfg = Release|x64
		{1D27EFC4-0306-4D25-A881-E217619C93B7}.Release|x64.Build.0 = Release|x64
		{1D27EFC4-0306-4D25-A881-E217619C93B7}.Release|x64.Deploy.0 = Release|x64
		{C180D0AD-27BA-4EF4-A723-EF8EC7CEF84A}.Debug|Any CPU.ActiveCfg = Debug|x64
		{C180D0AD-27BA-4EF4-A723-EF8EC7CEF84A}.Debug|x64.ActiveCfg = Debug|x64
		{C180D0AD-27BA-4EF4-A723-EF8EC7CEF84A}.Debug|x64.Build.0 = Debug|x64
		{C180D0AD-27BA-4EF4-A723-EF8EC7CEF84A}.Release|Any CPU.ActiveCfg = Release|x64
		{C180D0AD-27BA-4EF4-A723-EF8EC7CEF84A}.Release|x64.ActiveCfg = Release|x64
		{C180D0AD-27BA-4EF4-A723-EF8EC7CEF84A}.Release|x64.Build.0 = Release|x64
		{43F5C31A-D7E5-4CA4-9A7A-85366181BAEA}.Debug|Any CPU.ActiveCfg = Debug|x64
		{43F5C31A-D7E5-4CA4-9A7A-85366181BAEA}.Debug|x64.ActiveCfg = Debug|x64
		{43F5C31A-D7E5-4CA4-9A7A-85366181BAEA}.Debug|x64.Build.0 = Debug|x64
		{43F5C31A-D7E5-4CA4-9A7A-85366181BAEA}.Release|Any CPU.ActiveCfg = Release|x64
		{43F5C31A-D7E5-4CA4-9A7A-85366181BAEA}.Release|x64.ActiveCfg = Release|x64
		{43F5C31A-D7E5-4CA4-9A7A-85366181BAEA}.Release|x64.Build.0 = Release|x64
		{D7435252-F5FD-4200-A483-9D69A7F2ED85}.Debug|Any CPU.ActiveCfg = Debug|x64
		{D7435252-F5FD-4200-A483-9D69A7F2ED85}.Debug|x64.ActiveCfg = Debug|x64
		{D7435252-F5FD-4200-A483-9D69A7F2ED85}.Debug|x64.Build.0 = Debug|x64
		{D7435252-F5FD-4200-A483-9D69A7F2ED85}.Release|Any CPU.ActiveCfg = Release|x64
		{D7435252-F5FD-4200-A483-9D69A7F2ED85}.Release|x64.ActiveCfg = Release|x64
		{D7435252-F5FD-4200-A483-9D69A7F2ED85}.Release|x64.Build.0 = Release|x64
		{E7D906A4-615E-428D-8914-11654C142048}.Debug|Any CPU.ActiveCfg = Debug|x64
		{E7D906A4-615E-428D-8914-11654C142048}.Debug|x64.ActiveCfg = Debug|x64
		{E7D906A4-615E-428D-8914-11654C142048}.Debug|x64.Build.0 = Debug|x64
		{E7D906A4-615E-428D-8914-11654C142048}.Release|Any CPU.ActiveCfg = Release|x64
		{E7D906A4-615E-428D-8914-11654C142048}.Release|x64.ActiveCfg = Release|x64
		{E7D906A4-615E-428D-8914-11654C142048}.Release|x64.Build.0 = Release|x64
		{82ACED8A-4579-49C9-9E64-D7E380AD18F4}.Debug|Any CPU.ActiveCfg = Debug|x64
		{82ACED8A-4579-49C9-9E64-D7E380AD18F4}.Debug|x64.ActiveCfg = Debug|x64
		{82ACED8A-4579-49C9-9E64-D7E380AD18F4}.Debug|x64.Build.0 = Debug|x64
		{82ACED8A-4579-49C9-9E64-D7E380AD18F4}.Release|Any CPU.ActiveCfg = Release|x64
		{82ACED8A-4579-49C9-9E64-D7E380AD18F4}.Release|x64.ActiveCfg = Release|x64
		{82ACED8A-4579-49C9-9E64-D7E380AD18F4}.Release|x64.Build.0 = Release|x64
		{8291CA69-453A-4ABB-8291-B5625401F40B}.Debug|Any CPU.ActiveCfg = Debug|x64
		{8291CA69-453A-4ABB-8291-B5625401F40B}.Debug|x64.ActiveCfg = Debug|x64
		{8291CA69-453A-4ABB-8291-B5625401F40B}.Debug|x64.Build.0 = Debug|x64
		{8291CA69-453A-4ABB-8291-B5625401F40B}.Debug|x64.Deploy.0 = Debug|x64
		{8291CA69-453A-4ABB-8291-B5625401F40B}.Release|Any CPU.ActiveCfg = Release|x64
		{8291CA69-453A-4ABB-8291-B5625401F40B}.Release|x64.ActiveCfg = Release|x64
		{8291CA69-453A-4ABB-8291-B5625401F40B}.Release|x64.Build.0 = Release|x64
		{8291CA69-453A-4ABB-8291-B5625401F40B}.Release|x64.Deploy.0 = Release|x64
		{92C98F59-F0AE-47EC-9A5D-9FA74151107C}.Debug|Any CPU.ActiveCfg = Debug|x64
		{92C98F59-F0AE-47EC-9A5D-9FA74151107C}.Debug|x64.ActiveCfg = Debug|x64
		{92C98F59-F0AE-47EC-9A5D-9FA74151107C}.Debug|x64.Build.0 = Debug|x64
		{92C98F59-F0AE-47EC-9A5D-9FA74151107C}.Release|Any CPU.ActiveCfg = Release|x64
		{92C98F59-F0AE-47EC-9A5D-9FA74151107C}.Release|x64.ActiveCfg = Release|x64
		{92C98F59-F0AE-47EC-9A5D-9FA74151107C}.Release|x64.Build.0 = Release|x64
		{E9D04F52-A8CB-45F0-81E5-412950C81F55}.Debug|Any CPU.ActiveCfg = Debug|x64
		{E9D04F52-A8CB-45F0-81E5-412950C81F55}.Debug|x64.ActiveCfg = Debug|x64
		{E9D04F52-A8CB-45F0-81E5-412950C81F55}.Debug|x64.Build.0 = Debug|x64
		{E9D04F52-A8CB-45F0-81E5-412950C81F55}.Release|Any CPU.ActiveCfg = Release|x64
		{E9D04F52-A8CB-45F0-81E5-412950C81F55}.Release|x64.ActiveCfg = Release|x64
		{E9D04F52-A8CB-45F0-81E5-412950C81F55}.Release|x64.Build.0 = Release|x64
		{0009D41A-532B-434E-8F4A-B914377AB400}.Debug|Any CPU.ActiveCfg = Debug|x64
		{0009D41A-532B-434E-8F4A-B914377AB400}.Debug|x64.ActiveCfg = Debug|x64
		{0009D41A-532B-434E-8F4A-B914377AB400}.Debug|x64.Build.0 = Debug|x64
		{0009D41A-532B-434E-8F4A-B914377AB400}.Release|Any CPU.ActiveCfg = Release|x64
		{0009D41A-532B-434E-8F4A-B914377AB400}.Release|x64.ActiveCfg = Release|x64
		{0009D41A-532B-434E-8F4A-B914377AB400}.Release|x64.Build.0 = Release|x64
		{D4CE4A69-21F7-466A-A51F-111DD0FDD3E3}.Debug|Any CPU.ActiveCfg = Debug|x64
		{D4CE4A69-21F7-466A-A51F-111DD0FDD3E3}.Debug|x64.ActiveCfg = Debug|x64
		{D4CE4A69-21F7-466A-A51F-111DD0FDD3E3}.Debug|x64.Build.0 = Debug|x64
		{D4CE4A69-21F7-466A-A51F-111DD0FDD3E3}.Release|Any CPU.ActiveCfg = Release|x64
		{D4CE4A69-21F7-466A-A51F-111DD0FDD3E3}.Release|x64.ActiveCfg = Release|x64
		{D4CE4A69-21F7-466A-A51F-111DD0FDD3E3}.Release|x64.Build.0 = Release|x64
		{E80DBE77-379D-4F71-BD67-4CD7ADEA4214}.Debug|Any CPU.ActiveCfg = Debug|Any CPU
		{E80DBE77-379D-4F71-BD67-4CD7ADEA4214}.Debug|Any CPU.Build.0 = Debug|Any CPU
		{E80DBE77-379D-4F71-BD67-4CD7ADEA4214}.Debug|x64.ActiveCfg = Debug|Any CPU
		{E80DBE77-379D-4F71-BD67-4CD7ADEA4214}.Debug|x64.Build.0 = Debug|Any CPU
		{E80DBE77-379D-4F71-BD67-4CD7ADEA4214}.Release|Any CPU.ActiveCfg = Release|Any CPU
		{E80DBE77-379D-4F71-BD67-4CD7ADEA4214}.Release|Any CPU.Build.0 = Release|Any CPU
		{E80DBE77-379D-4F71-BD67-4CD7ADEA4214}.Release|x64.ActiveCfg = Release|Any CPU
		{E80DBE77-379D-4F71-BD67-4CD7ADEA4214}.Release|x64.Build.0 = Release|Any CPU
		{579286D7-D65B-4949-9F09-A120718AECB4}.Debug|Any CPU.ActiveCfg = Debug|x64
		{579286D7-D65B-4949-9F09-A120718AECB4}.Debug|x64.ActiveCfg = Debug|x64
		{579286D7-D65B-4949-9F09-A120718AECB4}.Debug|x64.Build.0 = Debug|x64
		{579286D7-D65B-4949-9F09-A120718AECB4}.Release|Any CPU.ActiveCfg = Release|x64
		{579286D7-D65B-4949-9F09-A120718AECB4}.Release|x64.ActiveCfg = Release|x64
		{579286D7-D65B-4949-9F09-A120718AECB4}.Release|x64.Build.0 = Release|x64
		{8E213191-2923-4652-A393-DD20D2D4759B}.Debug|Any CPU.ActiveCfg = Debug|Any CPU
		{8E213191-2923-4652-A393-DD20D2D4759B}.Debug|Any CPU.Build.0 = Debug|Any CPU
		{8E213191-2923-4652-A393-DD20D2D4759B}.Debug|x64.ActiveCfg = Debug|Any CPU
		{8E213191-2923-4652-A393-DD20D2D4759B}.Debug|x64.Build.0 = Debug|Any CPU
		{8E213191-2923-4652-A393-DD20D2D4759B}.Release|Any CPU.ActiveCfg = Release|Any CPU
		{8E213191-2923-4652-A393-DD20D2D4759B}.Release|Any CPU.Build.0 = Release|Any CPU
		{8E213191-2923-4652-A393-DD20D2D4759B}.Release|x64.ActiveCfg = Release|Any CPU
		{8E213191-2923-4652-A393-DD20D2D4759B}.Release|x64.Build.0 = Release|Any CPU
		{6654A45A-A0AA-4EBC-9C42-6C143DE56A3D}.Debug|Any CPU.ActiveCfg = Debug|Any CPU
		{6654A45A-A0AA-4EBC-9C42-6C143DE56A3D}.Debug|Any CPU.Build.0 = Debug|Any CPU
		{6654A45A-A0AA-4EBC-9C42-6C143DE56A3D}.Debug|x64.ActiveCfg = Debug|Any CPU
		{6654A45A-A0AA-4EBC-9C42-6C143DE56A3D}.Debug|x64.Build.0 = Debug|Any CPU
		{6654A45A-A0AA-4EBC-9C42-6C143DE56A3D}.Release|Any CPU.ActiveCfg = Release|Any CPU
		{6654A45A-A0AA-4EBC-9C42-6C143DE56A3D}.Release|Any CPU.Build.0 = Release|Any CPU
		{6654A45A-A0AA-4EBC-9C42-6C143DE56A3D}.Release|x64.ActiveCfg = Release|Any CPU
		{6654A45A-A0AA-4EBC-9C42-6C143DE56A3D}.Release|x64.Build.0 = Release|Any CPU
		{FBA1D507-C412-407F-91A6-C8839A241007}.Debug|Any CPU.ActiveCfg = Debug|Any CPU
		{FBA1D507-C412-407F-91A6-C8839A241007}.Debug|Any CPU.Build.0 = Debug|Any CPU
		{FBA1D507-C412-407F-91A6-C8839A241007}.Debug|x64.ActiveCfg = Debug|Any CPU
		{FBA1D507-C412-407F-91A6-C8839A241007}.Debug|x64.Build.0 = Debug|Any CPU
		{FBA1D507-C412-407F-91A6-C8839A241007}.Release|Any CPU.ActiveCfg = Release|Any CPU
		{FBA1D507-C412-407F-91A6-C8839A241007}.Release|Any CPU.Build.0 = Release|Any CPU
		{FBA1D507-C412-407F-91A6-C8839A241007}.Release|x64.ActiveCfg = Release|Any CPU
		{FBA1D507-C412-407F-91A6-C8839A241007}.Release|x64.Build.0 = Release|Any CPU
	EndGlobalSection
	GlobalSection(SolutionProperties) = preSolution
		HideSolutionNode = FALSE
	EndGlobalSection
	GlobalSection(NestedProjects) = preSolution
		{82ACED8A-4579-49C9-9E64-D7E380AD18F4} = {7B128E86-D65B-41FB-8E7E-0ED9DCCFD17A}
		{8291CA69-453A-4ABB-8291-B5625401F40B} = {B7C00AA5-1F76-4EA1-873C-49F01172DACB}
		{92C98F59-F0AE-47EC-9A5D-9FA74151107C} = {B7C00AA5-1F76-4EA1-873C-49F01172DACB}
		{E9D04F52-A8CB-45F0-81E5-412950C81F55} = {B7C00AA5-1F76-4EA1-873C-49F01172DACB}
		{0009D41A-532B-434E-8F4A-B914377AB400} = {B7C00AA5-1F76-4EA1-873C-49F01172DACB}
		{D4CE4A69-21F7-466A-A51F-111DD0FDD3E3} = {04AF4AF1-37FC-4680-9C6C-6340A6F64657}
		{E80DBE77-379D-4F71-BD67-4CD7ADEA4214} = {B7C00AA5-1F76-4EA1-873C-49F01172DACB}
		{6654A45A-A0AA-4EBC-9C42-6C143DE56A3D} = {7B128E86-D65B-41FB-8E7E-0ED9DCCFD17A}
		{FBA1D507-C412-407F-91A6-C8839A241007} = {7B128E86-D65B-41FB-8E7E-0ED9DCCFD17A}
	EndGlobalSection
	GlobalSection(ExtensibilityGlobals) = postSolution
		SolutionGuid = {328762F7-F2EE-4666-85FC-8BFF30EE75AD}
	EndGlobalSection
EndGlobal
